
Microsoft Visual Studio Solution File, Format Version 12.00
# Visual Studio Version 16
VisualStudioVersion = 16.0.32602.291
MinimumVisualStudioVersion = 10.0.40219.1
Project("{FAE04EC0-301F-11D3-BF4B-00C04F79EFBC}") = "EcommerceWebAPI", "EcommerceWebAPI\EcommerceWebAPI.csproj", "{35EC1178-A845-4312-A84C-588EC6317752}"
EndProject
Global
	GlobalSection(SolutionConfigurationPlatforms) = preSolution
		Debug|Any CPU = Debug|Any CPU
		Release|Any CPU = Release|Any CPU
	EndGlobalSection
	GlobalSection(ProjectConfigurationPlatforms) = postSolution
		{35EC1178-A845-4312-A84C-588EC6317752}.Debug|Any CPU.ActiveCfg = Debug|Any CPU
		{35EC1178-A845-4312-A84C-588EC6317752}.Debug|Any CPU.Build.0 = Debug|Any CPU
		{35EC1178-A845-4312-A84C-588EC6317752}.Release|Any CPU.ActiveCfg = Release|Any CPU
		{35EC1178-A845-4312-A84C-588EC6317752}.Release|Any CPU.Build.0 = Release|Any CPU
	EndGlobalSection
	GlobalSection(SolutionProperties) = preSolution
		HideSolutionNode = FALSE
	EndGlobalSection
	GlobalSection(ExtensibilityGlobals) = postSolution
		SolutionGuid = {D66C8AE2-3DD6-463C-A7CB-8EF453718D0A}
	EndGlobalSection
EndGlobal
